
Microsoft Visual Studio Solution File, Format Version 12.00
# Visual Studio Version 16
VisualStudioVersion = 16.0.28729.10
MinimumVisualStudioVersion = 10.0.40219.1
Project("{FAE04EC0-301F-11D3-BF4B-00C04F79EFBC}") = "SortAlgorithms.BL", "SortAlgorithms.BL\SortAlgorithms.BL.csproj", "{EBA37C43-8A92-4141-AE7C-B4DCC67C41F8}"
EndProject
Global
	GlobalSection(SolutionConfigurationPlatforms) = preSolution
		Debug|Any CPU = Debug|Any CPU
		Release|Any CPU = Release|Any CPU
	EndGlobalSection
	GlobalSection(ProjectConfigurationPlatforms) = postSolution
		{EBA37C43-8A92-4141-AE7C-B4DCC67C41F8}.Debug|Any CPU.ActiveCfg = Debug|Any CPU
		{EBA37C43-8A92-4141-AE7C-B4DCC67C41F8}.Debug|Any CPU.Build.0 = Debug|Any CPU
		{EBA37C43-8A92-4141-AE7C-B4DCC67C41F8}.Release|Any CPU.ActiveCfg = Release|Any CPU
		{EBA37C43-8A92-4141-AE7C-B4DCC67C41F8}.Release|Any CPU.Build.0 = Release|Any CPU
	EndGlobalSection
	GlobalSection(SolutionProperties) = preSolution
		HideSolutionNode = FALSE
	EndGlobalSection
	GlobalSection(ExtensibilityGlobals) = postSolution
		SolutionGuid = {6584FC6E-E776-4BF1-A297-3951D577E7A5}
	EndGlobalSection
EndGlobal
